
Microsoft Visual Studio Solution File, Format Version 12.00
# Visual Studio 15
VisualStudioVersion = 15.0.26124.0
MinimumVisualStudioVersion = 15.0.26124.0
Project("{FAE04EC0-301F-11D3-BF4B-00C04F79EFBC}") = "SocksRelayServer", "src\SocksRelayServer.csproj", "{7D567A22-294A-4494-833C-D563F0A3C4B5}"
EndProject
Project("{FAE04EC0-301F-11D3-BF4B-00C04F79EFBC}") = "SocksRelayServerTests", "tests\SocksRelayServerTests.csproj", "{D53096CC-6C09-4F20-89F5-439417F86B58}"
EndProject
Global
	GlobalSection(SolutionConfigurationPlatforms) = preSolution
		Debug|Any CPU = Debug|Any CPU
		Debug|x64 = Debug|x64
		Debug|x86 = Debug|x86
		Release|Any CPU = Release|Any CPU
		Release|x64 = Release|x64
		Release|x86 = Release|x86
	EndGlobalSection
	GlobalSection(SolutionProperties) = preSolution
		HideSolutionNode = FALSE
	EndGlobalSection
	GlobalSection(ProjectConfigurationPlatforms) = postSolution
		{7D567A22-294A-4494-833C-D563F0A3C4B5}.Debug|Any CPU.ActiveCfg = Debug|Any CPU
		{7D567A22-294A-4494-833C-D563F0A3C4B5}.Debug|Any CPU.Build.0 = Debug|Any CPU
		{7D567A22-294A-4494-833C-D563F0A3C4B5}.Debug|x64.ActiveCfg = Debug|Any CPU
		{7D567A22-294A-4494-833C-D563F0A3C4B5}.Debug|x64.Build.0 = Debug|Any CPU
		{7D567A22-294A-4494-833C-D563F0A3C4B5}.Debug|x86.ActiveCfg = Debug|Any CPU
		{7D567A22-294A-4494-833C-D563F0A3C4B5}.Debug|x86.Build.0 = Debug|Any CPU
		{7D567A22-294A-4494-833C-D563F0A3C4B5}.Release|Any CPU.ActiveCfg = Release|Any CPU
		{7D567A22-294A-4494-833C-D563F0A3C4B5}.Release|Any CPU.Build.0 = Release|Any CPU
		{7D567A22-294A-4494-833C-D563F0A3C4B5}.Release|x64.ActiveCfg = Release|Any CPU
		{7D567A22-294A-4494-833C-D563F0A3C4B5}.Release|x64.Build.0 = Release|Any CPU
		{7D567A22-294A-4494-833C-D563F0A3C4B5}.Release|x86.ActiveCfg = Release|Any CPU
		{7D567A22-294A-4494-833C-D563F0A3C4B5}.Release|x86.Build.0 = Release|Any CPU
		{D53096CC-6C09-4F20-89F5-439417F86B58}.Debug|Any CPU.ActiveCfg = Debug|Any CPU
		{D53096CC-6C09-4F20-89F5-439417F86B58}.Debug|Any CPU.Build.0 = Debug|Any CPU
		{D53096CC-6C09-4F20-89F5-439417F86B58}.Debug|x64.ActiveCfg = Debug|Any CPU
		{D53096CC-6C09-4F20-89F5-439417F86B58}.Debug|x64.Build.0 = Debug|Any CPU
		{D53096CC-6C09-4F20-89F5-439417F86B58}.Debug|x86.ActiveCfg = Debug|Any CPU
		{D53096CC-6C09-4F20-89F5-439417F86B58}.Debug|x86.Build.0 = Debug|Any CPU
		{D53096CC-6C09-4F20-89F5-439417F86B58}.Release|Any CPU.ActiveCfg = Release|Any CPU
		{D53096CC-6C09-4F20-89F5-439417F86B58}.Release|Any CPU.Build.0 = Release|Any CPU
		{D53096CC-6C09-4F20-89F5-439417F86B58}.Release|x64.ActiveCfg = Release|Any CPU
		{D53096CC-6C09-4F20-89F5-439417F86B58}.Release|x64.Build.0 = Release|Any CPU
		{D53096CC-6C09-4F20-89F5-439417F86B58}.Release|x86.ActiveCfg = Release|Any CPU
		{D53096CC-6C09-4F20-89F5-439417F86B58}.Release|x86.Build.0 = Release|Any CPU
	EndGlobalSection
EndGlobal
