
Microsoft Visual Studio Solution File, Format Version 12.00
# Visual Studio 15
VisualStudioVersion = 15.0.27130.2027
MinimumVisualStudioVersion = 10.0.40219.1
Project("{FAE04EC0-301F-11D3-BF4B-00C04F79EFBC}") = "SocksRelayServer", "SocksRelayServer\SocksRelayServer.csproj", "{CAFE9242-D820-4987-B917-675AAC57A499}"
EndProject
Project("{FAE04EC0-301F-11D3-BF4B-00C04F79EFBC}") = "Example", "Example\Example.csproj", "{42B64199-838E-4BE9-9BA8-8FFDF38B34A7}"
EndProject
Global
	GlobalSection(SolutionConfigurationPlatforms) = preSolution
		Debug|Any CPU = Debug|Any CPU
		Release|Any CPU = Release|Any CPU
	EndGlobalSection
	GlobalSection(ProjectConfigurationPlatforms) = postSolution
		{CAFE9242-D820-4987-B917-675AAC57A499}.Debug|Any CPU.ActiveCfg = Debug|Any CPU
		{CAFE9242-D820-4987-B917-675AAC57A499}.Debug|Any CPU.Build.0 = Debug|Any CPU
		{CAFE9242-D820-4987-B917-675AAC57A499}.Release|Any CPU.ActiveCfg = Release|Any CPU
		{CAFE9242-D820-4987-B917-675AAC57A499}.Release|Any CPU.Build.0 = Release|Any CPU
		{42B64199-838E-4BE9-9BA8-8FFDF38B34A7}.Debug|Any CPU.ActiveCfg = Debug|Any CPU
		{42B64199-838E-4BE9-9BA8-8FFDF38B34A7}.Debug|Any CPU.Build.0 = Debug|Any CPU
		{42B64199-838E-4BE9-9BA8-8FFDF38B34A7}.Release|Any CPU.ActiveCfg = Release|Any CPU
		{42B64199-838E-4BE9-9BA8-8FFDF38B34A7}.Release|Any CPU.Build.0 = Release|Any CPU
	EndGlobalSection
	GlobalSection(SolutionProperties) = preSolution
		HideSolutionNode = FALSE
	EndGlobalSection
	GlobalSection(ExtensibilityGlobals) = postSolution
		SolutionGuid = {A5CC2438-39B6-4A0E-82E6-F57A6BAE35DB}
	EndGlobalSection
EndGlobal
